
Microsoft Visual Studio Solution File, Format Version 12.00
Project("{FAE04EC0-301F-11D3-BF4B-00C04F79EFBC}") = "Catan", "Catan\Catan.csproj", "{DE7EF9F0-DA4F-4178-B4BA-747E3F38F02A}"
EndProject
Global
	GlobalSection(SolutionConfigurationPlatforms) = preSolution
		Debug|Any CPU = Debug|Any CPU
		Release|Any CPU = Release|Any CPU
	EndGlobalSection
	GlobalSection(ProjectConfigurationPlatforms) = postSolution
		{DE7EF9F0-DA4F-4178-B4BA-747E3F38F02A}.Debug|Any CPU.ActiveCfg = Debug|Any CPU
		{DE7EF9F0-DA4F-4178-B4BA-747E3F38F02A}.Debug|Any CPU.Build.0 = Debug|Any CPU
		{DE7EF9F0-DA4F-4178-B4BA-747E3F38F02A}.Release|Any CPU.ActiveCfg = Release|Any CPU
		{DE7EF9F0-DA4F-4178-B4BA-747E3F38F02A}.Release|Any CPU.Build.0 = Release|Any CPU
	EndGlobalSection
EndGlobal
